
Microsoft Visual Studio Solution File, Format Version 12.00
# Visual Studio 2013
VisualStudioVersion = 12.0.30723.0
MinimumVisualStudioVersion = 10.0.40219.1
Project("{FAE04EC0-301F-11D3-BF4B-00C04F79EFBC}") = "JustFakeIt", "JustFakeIt\JustFakeIt.csproj", "{D3DA166D-C5B3-4AAC-93F8-45D108DAB681}"
EndProject
Project("{FAE04EC0-301F-11D3-BF4B-00C04F79EFBC}") = "JustFakeIt.Tests", "JustFakeIt.Tests\JustFakeIt.Tests.csproj", "{97FCFD12-5BAB-4605-9516-B3016521DE65}"
EndProject
Global
	GlobalSection(SolutionConfigurationPlatforms) = preSolution
		Debug|Any CPU = Debug|Any CPU
		Release|Any CPU = Release|Any CPU
	EndGlobalSection
	GlobalSection(ProjectConfigurationPlatforms) = postSolution
		{D3DA166D-C5B3-4AAC-93F8-45D108DAB681}.Debug|Any CPU.ActiveCfg = Debug|Any CPU
		{D3DA166D-C5B3-4AAC-93F8-45D108DAB681}.Debug|Any CPU.Build.0 = Debug|Any CPU
		{D3DA166D-C5B3-4AAC-93F8-45D108DAB681}.Release|Any CPU.ActiveCfg = Release|Any CPU
		{D3DA166D-C5B3-4AAC-93F8-45D108DAB681}.Release|Any CPU.Build.0 = Release|Any CPU
		{97FCFD12-5BAB-4605-9516-B3016521DE65}.Debug|Any CPU.ActiveCfg = Debug|Any CPU
		{97FCFD12-5BAB-4605-9516-B3016521DE65}.Debug|Any CPU.Build.0 = Debug|Any CPU
		{97FCFD12-5BAB-4605-9516-B3016521DE65}.Release|Any CPU.ActiveCfg = Release|Any CPU
		{97FCFD12-5BAB-4605-9516-B3016521DE65}.Release|Any CPU.Build.0 = Release|Any CPU
	EndGlobalSection
	GlobalSection(SolutionProperties) = preSolution
		HideSolutionNode = FALSE
	EndGlobalSection
EndGlobal
